
Microsoft Visual Studio Solution File, Format Version 12.00
# Visual Studio Version 17
VisualStudioVersion = 17.14.36811.4 d17.14
MinimumVisualStudioVersion = 10.0.40219.1
Project("{FAE04EC0-301F-11D3-BF4B-00C04F79EFBC}") = "UdpListenerLocal", "UdpListenerLocal\UdpListenerLocal.csproj", "{80389760-A53C-49FB-9B23-3A7947E43AF2}"
EndProject
Global
	GlobalSection(SolutionConfigurationPlatforms) = preSolution
		Debug|Any CPU = Debug|Any CPU
		Release|Any CPU = Release|Any CPU
	EndGlobalSection
	GlobalSection(ProjectConfigurationPlatforms) = postSolution
		{80389760-A53C-49FB-9B23-3A7947E43AF2}.Debug|Any CPU.ActiveCfg = Debug|Any CPU
		{80389760-A53C-49FB-9B23-3A7947E43AF2}.Debug|Any CPU.Build.0 = Debug|Any CPU
		{80389760-A53C-49FB-9B23-3A7947E43AF2}.Release|Any CPU.ActiveCfg = Release|Any CPU
		{80389760-A53C-49FB-9B23-3A7947E43AF2}.Release|Any CPU.Build.0 = Release|Any CPU
	EndGlobalSection
	GlobalSection(SolutionProperties) = preSolution
		HideSolutionNode = FALSE
	EndGlobalSection
	GlobalSection(ExtensibilityGlobals) = postSolution
		SolutionGuid = {EF41B60C-3C6B-4F3C-A41B-4F4B7C6485B0}
	EndGlobalSection
EndGlobal
